Microsoft Visual Studio Solution File, Format Version 12.00
# Visual Studio Version 17
VisualStudioVersion = 17.5.2.0
MinimumVisualStudioVersion = 10.0.40219.1
Project("{2150E333-8FDC-42A3-9474-1A3956D46DE8}") = "Gestion_Inventario", "Gestion_Inventario", "{07425F4B-4E16-99E2-135C-66A1FE2C9B00}"
EndProject
Project("{FAE04EC0-301F-11D3-BF4B-00C04F79EFBC}") = "Clase_Medicine", "Gestion_Inventario\Clase_Medicine\Clase_Medicine.csproj", "{C5045B7E-1163-CCFF-F7B4-E6789850BB81}"
EndProject
Project("{FAE04EC0-301F-11D3-BF4B-00C04F79EFBC}") = "Clase_Pharmacy", "Gestion_Inventario\Clase_Pharmacy\Clase_Pharmacy.csproj", "{380E5D16-E4D1-5AD0-12D9-7935C35C271F}"
EndProject
Project("{FAE04EC0-301F-11D3-BF4B-00C04F79EFBC}") = "Clase_Program", "Gestion_Inventario\Clase_Program\Clase_Program.csproj", "{29231FC6-8DEA-0D9B-395F-3991F9D45A30}"
EndProject
Global
	GlobalSection(SolutionConfigurationPlatforms) = preSolution
		Debug|Any CPU = Debug|Any CPU
		Release|Any CPU = Release|Any CPU
	EndGlobalSection
	GlobalSection(ProjectConfigurationPlatforms) = postSolution
		{C5045B7E-1163-CCFF-F7B4-E6789850BB81}.Debug|Any CPU.ActiveCfg = Debug|Any CPU
		{C5045B7E-1163-CCFF-F7B4-E6789850BB81}.Debug|Any CPU.Build.0 = Debug|Any CPU
		{C5045B7E-1163-CCFF-F7B4-E6789850BB81}.Release|Any CPU.ActiveCfg = Release|Any CPU
		{C5045B7E-1163-CCFF-F7B4-E6789850BB81}.Release|Any CPU.Build.0 = Release|Any CPU
		{380E5D16-E4D1-5AD0-12D9-7935C35C271F}.Debug|Any CPU.ActiveCfg = Debug|Any CPU
		{380E5D16-E4D1-5AD0-12D9-7935C35C271F}.Debug|Any CPU.Build.0 = Debug|Any CPU
		{380E5D16-E4D1-5AD0-12D9-7935C35C271F}.Release|Any CPU.ActiveCfg = Release|Any CPU
		{380E5D16-E4D1-5AD0-12D9-7935C35C271F}.Release|Any CPU.Build.0 = Release|Any CPU
		{29231FC6-8DEA-0D9B-395F-3991F9D45A30}.Debug|Any CPU.ActiveCfg = Debug|Any CPU
		{29231FC6-8DEA-0D9B-395F-3991F9D45A30}.Debug|Any CPU.Build.0 = Debug|Any CPU
		{29231FC6-8DEA-0D9B-395F-3991F9D45A30}.Release|Any CPU.ActiveCfg = Release|Any CPU
		{29231FC6-8DEA-0D9B-395F-3991F9D45A30}.Release|Any CPU.Build.0 = Release|Any CPU
	EndGlobalSection
	GlobalSection(SolutionProperties) = preSolution
		HideSolutionNode = FALSE
	EndGlobalSection
	GlobalSection(NestedProjects) = preSolution
		{C5045B7E-1163-CCFF-F7B4-E6789850BB81} = {07425F4B-4E16-99E2-135C-66A1FE2C9B00}
		{380E5D16-E4D1-5AD0-12D9-7935C35C271F} = {07425F4B-4E16-99E2-135C-66A1FE2C9B00}
		{29231FC6-8DEA-0D9B-395F-3991F9D45A30} = {07425F4B-4E16-99E2-135C-66A1FE2C9B00}
	EndGlobalSection
	GlobalSection(ExtensibilityGlobals) = postSolution
		SolutionGuid = {7ACEE59A-0B98-4F69-B1F1-E14AD8745EB9}
	EndGlobalSection
EndGlobal
